
Microsoft Visual Studio Solution File, Format Version 12.00
# Visual Studio Version 16
VisualStudioVersion = 16.0.30804.86
MinimumVisualStudioVersion = 10.0.40219.1
Project("{2150E333-8FDC-42A3-9474-1A3956D46DE8}") = "Application", "Application", "{712D4EA0-0DCF-46BA-AE3A-72FC10E10FCE}"
EndProject
Project("{2150E333-8FDC-42A3-9474-1A3956D46DE8}") = "Domain", "Domain", "{49955665-0E9C-4D0F-ADC0-BB21F0812342}"
EndProject
Project("{2150E333-8FDC-42A3-9474-1A3956D46DE8}") = "Infrastructure", "Infrastructure", "{6B078100-87B2-4739-BF12-1CCCC8F8C1AA}"
EndProject
Project("{2150E333-8FDC-42A3-9474-1A3956D46DE8}") = "Lib", "Lib", "{32556CD1-2035-449A-BFB8-44D95BE35974}"
EndProject
Project("{9A19103F-16F7-4668-BE54-9A1E7A4F7556}") = "CoreApp", "CoreApp\CoreApp.csproj", "{72E50EA5-F063-4EF5-BB4F-559CC0456FBD}"
EndProject
Project("{9A19103F-16F7-4668-BE54-9A1E7A4F7556}") = "CoreApp.Service", "CoreApp.Service\CoreApp.Service.csproj", "{E2960F72-9A12-4A6C-ADE4-0FB561BD261E}"
EndProject
Project("{9A19103F-16F7-4668-BE54-9A1E7A4F7556}") = "CoreApp.EntityFramework", "CoreApp.EntityFramework\CoreApp.EntityFramework.csproj", "{773DCCD2-828A-4718-9726-61C48C96FC7C}"
EndProject
Project("{9A19103F-16F7-4668-BE54-9A1E7A4F7556}") = "CoreApp.Repository", "CoreApp.Repository\CoreApp.Repository.csproj", "{7C7AB72D-7AC3-473B-8821-D6A558F09EAE}"
EndProject
Project("{9A19103F-16F7-4668-BE54-9A1E7A4F7556}") = "CoreApp.Configurations", "CoreApp.Configurations\CoreApp.Configurations.csproj", "{4DA54B93-AB09-4D59-B1DC-5B990A6AD334}"
EndProject
Project("{9A19103F-16F7-4668-BE54-9A1E7A4F7556}") = "CoreApp.Logger", "CoreApp.Logger\CoreApp.Logger.csproj", "{F417A17C-86FA-4833-AE9C-8EFFCA2A164B}"
EndProject
Project("{9A19103F-16F7-4668-BE54-9A1E7A4F7556}") = "CoreApp.Domain", "CoreApp.Domain\CoreApp.Domain.csproj", "{66E9F846-A5FA-487A-A46E-FCF197FDB27B}"
EndProject
Project("{9A19103F-16F7-4668-BE54-9A1E7A4F7556}") = "CoreApp.Common", "CoreApp.Common\CoreApp.Common.csproj", "{7025799A-4449-445E-BE32-81ADDD2E5763}"
EndProject
Project("{9A19103F-16F7-4668-BE54-9A1E7A4F7556}") = "CoreApp.WebApi", "CoreApp.WebApi\CoreApp.WebApi.csproj", "{82BB4CFC-D242-4D70-8462-FAC6C3FBF639}"
EndProject
Project("{9A19103F-16F7-4668-BE54-9A1E7A4F7556}") = "CoreApp.Authentication", "CoreApp.Authentication\CoreApp.Authentication.csproj", "{348CDE06-79F5-416C-A967-6BF8EB7D1BB1}"
EndProject
Project("{9A19103F-16F7-4668-BE54-9A1E7A4F7556}") = "CoreApp.Signalr", "CoreApp.Signalr\CoreApp.Signalr.csproj", "{A8275288-691A-4EF5-826A-36B2E8210140}"
EndProject
Project("{2150E333-8FDC-42A3-9474-1A3956D46DE8}") = "UnitTests", "UnitTests", "{ED2827E8-70C7-4034-87BF-22FD9D45710C}"
EndProject
Project("{2150E333-8FDC-42A3-9474-1A3956D46DE8}") = "DomainTests", "DomainTests", "{F37D3EE9-8FEC-4C42-9046-E4177DD2B93E}"
EndProject
Project("{FAE04EC0-301F-11D3-BF4B-00C04F79EFBC}") = "CoreApp.DomainTest", "CoreApp.DomainTest\CoreApp.DomainTest.csproj", "{4EB93B33-002E-4D04-93B2-511A96AF6BA2}"
EndProject
Global
	GlobalSection(SolutionConfigurationPlatforms) = preSolution
		Debug|Any CPU = Debug|Any CPU
		Release|Any CPU = Release|Any CPU
	EndGlobalSection
	GlobalSection(ProjectConfigurationPlatforms) = postSolution
		{72E50EA5-F063-4EF5-BB4F-559CC0456FBD}.Debug|Any CPU.ActiveCfg = Debug|Any CPU
		{72E50EA5-F063-4EF5-BB4F-559CC0456FBD}.Debug|Any CPU.Build.0 = Debug|Any CPU
		{72E50EA5-F063-4EF5-BB4F-559CC0456FBD}.Release|Any CPU.ActiveCfg = Release|Any CPU
		{72E50EA5-F063-4EF5-BB4F-559CC0456FBD}.Release|Any CPU.Build.0 = Release|Any CPU
		{E2960F72-9A12-4A6C-ADE4-0FB561BD261E}.Debug|Any CPU.ActiveCfg = Debug|Any CPU
		{E2960F72-9A12-4A6C-ADE4-0FB561BD261E}.Debug|Any CPU.Build.0 = Debug|Any CPU
		{E2960F72-9A12-4A6C-ADE4-0FB561BD261E}.Release|Any CPU.ActiveCfg = Release|Any CPU
		{E2960F72-9A12-4A6C-ADE4-0FB561BD261E}.Release|Any CPU.Build.0 = Release|Any CPU
		{773DCCD2-828A-4718-9726-61C48C96FC7C}.Debug|Any CPU.ActiveCfg = Debug|Any CPU
		{773DCCD2-828A-4718-9726-61C48C96FC7C}.Debug|Any CPU.Build.0 = Debug|Any CPU
		{773DCCD2-828A-4718-9726-61C48C96FC7C}.Release|Any CPU.ActiveCfg = Release|Any CPU
		{773DCCD2-828A-4718-9726-61C48C96FC7C}.Release|Any CPU.Build.0 = Release|Any CPU
		{7C7AB72D-7AC3-473B-8821-D6A558F09EAE}.Debug|Any CPU.ActiveCfg = Debug|Any CPU
		{7C7AB72D-7AC3-473B-8821-D6A558F09EAE}.Debug|Any CPU.Build.0 = Debug|Any CPU
		{7C7AB72D-7AC3-473B-8821-D6A558F09EAE}.Release|Any CPU.ActiveCfg = Release|Any CPU
		{7C7AB72D-7AC3-473B-8821-D6A558F09EAE}.Release|Any CPU.Build.0 = Release|Any CPU
		{4DA54B93-AB09-4D59-B1DC-5B990A6AD334}.Debug|Any CPU.ActiveCfg = Debug|Any CPU
		{4DA54B93-AB09-4D59-B1DC-5B990A6AD334}.Debug|Any CPU.Build.0 = Debug|Any CPU
		{4DA54B93-AB09-4D59-B1DC-5B990A6AD334}.Release|Any CPU.ActiveCfg = Release|Any CPU
		{4DA54B93-AB09-4D59-B1DC-5B990A6AD334}.Release|Any CPU.Build.0 = Release|Any CPU
		{F417A17C-86FA-4833-AE9C-8EFFCA2A164B}.Debug|Any CPU.ActiveCfg = Debug|Any CPU
		{F417A17C-86FA-4833-AE9C-8EFFCA2A164B}.Debug|Any CPU.Build.0 = Debug|Any CPU
		{F417A17C-86FA-4833-AE9C-8EFFCA2A164B}.Release|Any CPU.ActiveCfg = Release|Any CPU
		{F417A17C-86FA-4833-AE9C-8EFFCA2A164B}.Release|Any CPU.Build.0 = Release|Any CPU
		{66E9F846-A5FA-487A-A46E-FCF197FDB27B}.Debug|Any CPU.ActiveCfg = Debug|Any CPU
		{66E9F846-A5FA-487A-A46E-FCF197FDB27B}.Debug|Any CPU.Build.0 = Debug|Any CPU
		{66E9F846-A5FA-487A-A46E-FCF197FDB27B}.Release|Any CPU.ActiveCfg = Release|Any CPU
		{66E9F846-A5FA-487A-A46E-FCF197FDB27B}.Release|Any CPU.Build.0 = Release|Any CPU
		{7025799A-4449-445E-BE32-81ADDD2E5763}.Debug|Any CPU.ActiveCfg = Debug|Any CPU
		{7025799A-4449-445E-BE32-81ADDD2E5763}.Debug|Any CPU.Build.0 = Debug|Any CPU
		{7025799A-4449-445E-BE32-81ADDD2E5763}.Release|Any CPU.ActiveCfg = Release|Any CPU
		{7025799A-4449-445E-BE32-81ADDD2E5763}.Release|Any CPU.Build.0 = Release|Any CPU
		{82BB4CFC-D242-4D70-8462-FAC6C3FBF639}.Debug|Any CPU.ActiveCfg = Debug|Any CPU
		{82BB4CFC-D242-4D70-8462-FAC6C3FBF639}.Debug|Any CPU.Build.0 = Debug|Any CPU
		{82BB4CFC-D242-4D70-8462-FAC6C3FBF639}.Release|Any CPU.ActiveCfg = Release|Any CPU
		{82BB4CFC-D242-4D70-8462-FAC6C3FBF639}.Release|Any CPU.Build.0 = Release|Any CPU
		{348CDE06-79F5-416C-A967-6BF8EB7D1BB1}.Debug|Any CPU.ActiveCfg = Debug|Any CPU
		{348CDE06-79F5-416C-A967-6BF8EB7D1BB1}.Debug|Any CPU.Build.0 = Debug|Any CPU
		{348CDE06-79F5-416C-A967-6BF8EB7D1BB1}.Release|Any CPU.ActiveCfg = Release|Any CPU
		{348CDE06-79F5-416C-A967-6BF8EB7D1BB1}.Release|Any CPU.Build.0 = Release|Any CPU
		{A8275288-691A-4EF5-826A-36B2E8210140}.Debug|Any CPU.ActiveCfg = Debug|Any CPU
		{A8275288-691A-4EF5-826A-36B2E8210140}.Debug|Any CPU.Build.0 = Debug|Any CPU
		{A8275288-691A-4EF5-826A-36B2E8210140}.Release|Any CPU.ActiveCfg = Release|Any CPU
		{A8275288-691A-4EF5-826A-36B2E8210140}.Release|Any CPU.Build.0 = Release|Any CPU
		{4EB93B33-002E-4D04-93B2-511A96AF6BA2}.Debug|Any CPU.ActiveCfg = Debug|Any CPU
		{4EB93B33-002E-4D04-93B2-511A96AF6BA2}.Debug|Any CPU.Build.0 = Debug|Any CPU
		{4EB93B33-002E-4D04-93B2-511A96AF6BA2}.Release|Any CPU.ActiveCfg = Release|Any CPU
		{4EB93B33-002E-4D04-93B2-511A96AF6BA2}.Release|Any CPU.Build.0 = Release|Any CPU
	EndGlobalSection
	GlobalSection(SolutionProperties) = preSolution
		HideSolutionNode = FALSE
	EndGlobalSection
	GlobalSection(NestedProjects) = preSolution
		{E2960F72-9A12-4A6C-ADE4-0FB561BD261E} = {712D4EA0-0DCF-46BA-AE3A-72FC10E10FCE}
		{773DCCD2-828A-4718-9726-61C48C96FC7C} = {6B078100-87B2-4739-BF12-1CCCC8F8C1AA}
		{7C7AB72D-7AC3-473B-8821-D6A558F09EAE} = {6B078100-87B2-4739-BF12-1CCCC8F8C1AA}
		{4DA54B93-AB09-4D59-B1DC-5B990A6AD334} = {32556CD1-2035-449A-BFB8-44D95BE35974}
		{F417A17C-86FA-4833-AE9C-8EFFCA2A164B} = {32556CD1-2035-449A-BFB8-44D95BE35974}
		{66E9F846-A5FA-487A-A46E-FCF197FDB27B} = {49955665-0E9C-4D0F-ADC0-BB21F0812342}
		{7025799A-4449-445E-BE32-81ADDD2E5763} = {32556CD1-2035-449A-BFB8-44D95BE35974}
		{82BB4CFC-D242-4D70-8462-FAC6C3FBF639} = {712D4EA0-0DCF-46BA-AE3A-72FC10E10FCE}
		{348CDE06-79F5-416C-A967-6BF8EB7D1BB1} = {712D4EA0-0DCF-46BA-AE3A-72FC10E10FCE}
		{A8275288-691A-4EF5-826A-36B2E8210140} = {712D4EA0-0DCF-46BA-AE3A-72FC10E10FCE}
		{F37D3EE9-8FEC-4C42-9046-E4177DD2B93E} = {ED2827E8-70C7-4034-87BF-22FD9D45710C}
		{4EB93B33-002E-4D04-93B2-511A96AF6BA2} = {F37D3EE9-8FEC-4C42-9046-E4177DD2B93E}
	EndGlobalSection
	GlobalSection(ExtensibilityGlobals) = postSolution
		SolutionGuid = {0CF803CC-C5F7-470B-B51C-BCF50B98981B}
	EndGlobalSection
EndGlobal
